
Microsoft Visual Studio Solution File, Format Version 12.00
# Visual Studio Version 17
VisualStudioVersion = 17.11.35327.3
MinimumVisualStudioVersion = 10.0.40219.1
Project("{9A19103F-16F7-4668-BE54-9A1E7A4F7556}") = "classTime", "classTime.csproj", "{5A8D0923-F6A5-463D-8365-3CCC8EABFE9C}"
EndProject
Project("{2150E333-8FDC-42A3-9474-1A3956D46DE8}") = "Элементы решения", "Элементы решения", "{FFC76252-1EB9-4148-9ACB-7A5966EE565E}"
	ProjectSection(SolutionItems) = preProject
		ClassTime.cs = ClassTime.cs
		InputDataWithCheck.cs = InputDataWithCheck.cs
		Program.cs = Program.cs
		Rand.cs = Rand.cs
	EndProjectSection
EndProject
Global
	GlobalSection(SolutionConfigurationPlatforms) = preSolution
		Debug|Any CPU = Debug|Any CPU
		Release|Any CPU = Release|Any CPU
	EndGlobalSection
	GlobalSection(ProjectConfigurationPlatforms) = postSolution
		{5A8D0923-F6A5-463D-8365-3CCC8EABFE9C}.Debug|Any CPU.ActiveCfg = Debug|Any CPU
		{5A8D0923-F6A5-463D-8365-3CCC8EABFE9C}.Debug|Any CPU.Build.0 = Debug|Any CPU
		{5A8D0923-F6A5-463D-8365-3CCC8EABFE9C}.Release|Any CPU.ActiveCfg = Release|Any CPU
		{5A8D0923-F6A5-463D-8365-3CCC8EABFE9C}.Release|Any CPU.Build.0 = Release|Any CPU
	EndGlobalSection
	GlobalSection(SolutionProperties) = preSolution
		HideSolutionNode = FALSE
	EndGlobalSection
	GlobalSection(ExtensibilityGlobals) = postSolution
		SolutionGuid = {49D22802-B272-46F8-AE69-57136927088E}
	EndGlobalSection
EndGlobal
